
Microsoft Visual Studio Solution File, Format Version 12.00
# Visual Studio 15
Project("{FAE04EC0-301F-11D3-BF4B-00C04F79EFBC}") = "Assembly-CSharp", "Assembly-CSharp.csproj", "{F227C491-1D18-7DEF-450C-13DE21E955A6}"
EndProject
Project("{FAE04EC0-301F-11D3-BF4B-00C04F79EFBC}") = "Assembly-CSharp-Editor", "Assembly-CSharp-Editor.csproj", "{02F5E238-ECA9-A312-8003-D24AC229739E}"
EndProject
Global
	GlobalSection(SolutionConfigurationPlatforms) = preSolution
		Debug|Any CPU = Debug|Any CPU
		Release|Any CPU = Release|Any CPU
	EndGlobalSection
	GlobalSection(ProjectConfigurationPlatforms) = postSolution
		{F227C491-1D18-7DEF-450C-13DE21E955A6}.Debug|Any CPU.ActiveCfg = Debug|Any CPU
		{F227C491-1D18-7DEF-450C-13DE21E955A6}.Debug|Any CPU.Build.0 = Debug|Any CPU
		{F227C491-1D18-7DEF-450C-13DE21E955A6}.Release|Any CPU.ActiveCfg = Release|Any CPU
		{F227C491-1D18-7DEF-450C-13DE21E955A6}.Release|Any CPU.Build.0 = Release|Any CPU
		{02F5E238-ECA9-A312-8003-D24AC229739E}.Debug|Any CPU.ActiveCfg = Debug|Any CPU
		{02F5E238-ECA9-A312-8003-D24AC229739E}.Debug|Any CPU.Build.0 = Debug|Any CPU
		{02F5E238-ECA9-A312-8003-D24AC229739E}.Release|Any CPU.ActiveCfg = Release|Any CPU
		{02F5E238-ECA9-A312-8003-D24AC229739E}.Release|Any CPU.Build.0 = Release|Any CPU
	EndGlobalSection
	GlobalSection(SolutionProperties) = preSolution
		HideSolutionNode = FALSE
	EndGlobalSection
EndGlobal
